
Microsoft Visual Studio Solution File, Format Version 12.00
# Visual Studio Version 17
VisualStudioVersion = 17.0.32112.339
MinimumVisualStudioVersion = 10.0.40219.1
Project("{FAE04EC0-301F-11D3-BF4B-00C04F79EFBC}") = "Bank", "Bank.csproj", "{68AB663E-F476-45C7-A52C-AB81C27421D1}"
EndProject
Project("{FAE04EC0-301F-11D3-BF4B-00C04F79EFBC}") = "BankAcc", "..\BankAcc\BankAcc.csproj", "{0CC94DF0-2F83-4F0A-A02B-1039442429FF}"
EndProject
Project("{FAE04EC0-301F-11D3-BF4B-00C04F79EFBC}") = "Functions", "..\Functions\Functions.csproj", "{8974F923-D7CA-4BDF-97E7-7F347F302C3C}"
EndProject
Global
	GlobalSection(SolutionConfigurationPlatforms) = preSolution
		Debug|Any CPU = Debug|Any CPU
		Release|Any CPU = Release|Any CPU
	EndGlobalSection
	GlobalSection(ProjectConfigurationPlatforms) = postSolution
		{68AB663E-F476-45C7-A52C-AB81C27421D1}.Debug|Any CPU.ActiveCfg = Debug|Any CPU
		{68AB663E-F476-45C7-A52C-AB81C27421D1}.Debug|Any CPU.Build.0 = Debug|Any CPU
		{68AB663E-F476-45C7-A52C-AB81C27421D1}.Release|Any CPU.ActiveCfg = Release|Any CPU
		{68AB663E-F476-45C7-A52C-AB81C27421D1}.Release|Any CPU.Build.0 = Release|Any CPU
		{0CC94DF0-2F83-4F0A-A02B-1039442429FF}.Debug|Any CPU.ActiveCfg = Debug|Any CPU
		{0CC94DF0-2F83-4F0A-A02B-1039442429FF}.Debug|Any CPU.Build.0 = Debug|Any CPU
		{0CC94DF0-2F83-4F0A-A02B-1039442429FF}.Release|Any CPU.ActiveCfg = Release|Any CPU
		{0CC94DF0-2F83-4F0A-A02B-1039442429FF}.Release|Any CPU.Build.0 = Release|Any CPU
		{8974F923-D7CA-4BDF-97E7-7F347F302C3C}.Debug|Any CPU.ActiveCfg = Debug|Any CPU
		{8974F923-D7CA-4BDF-97E7-7F347F302C3C}.Debug|Any CPU.Build.0 = Debug|Any CPU
		{8974F923-D7CA-4BDF-97E7-7F347F302C3C}.Release|Any CPU.ActiveCfg = Release|Any CPU
		{8974F923-D7CA-4BDF-97E7-7F347F302C3C}.Release|Any CPU.Build.0 = Release|Any CPU
	EndGlobalSection
	GlobalSection(SolutionProperties) = preSolution
		HideSolutionNode = FALSE
	EndGlobalSection
	GlobalSection(ExtensibilityGlobals) = postSolution
		SolutionGuid = {FA379DA9-FF91-4CBF-BA7A-7D3C2E42E4C7}
	EndGlobalSection
EndGlobal
